
Microsoft Visual Studio Solution File, Format Version 12.00
# Visual Studio Version 17
VisualStudioVersion = 17.8.34322.80
MinimumVisualStudioVersion = 10.0.40219.1
Project("{2150E333-8FDC-42A3-9474-1A3956D46DE8}") = "Services", "Services", "{C2284923-FF8D-42E6-A128-163DEEA50FF8}"
EndProject
Project("{2150E333-8FDC-42A3-9474-1A3956D46DE8}") = "Catalog", "Catalog", "{D8DD20D1-EEA0-4182-AA96-6B99695D5FDF}"
EndProject
Project("{9A19103F-16F7-4668-BE54-9A1E7A4F7556}") = "MultiShop.Catalog", "Services\Catalog\MultiShop.Catalog\MultiShop.Catalog.csproj", "{BCECBB35-F298-4138-A669-68349069FACD}"
EndProject
Project("{2150E333-8FDC-42A3-9474-1A3956D46DE8}") = "Discount", "Discount", "{349C3B59-577A-412B-9216-96360278B807}"
EndProject
Project("{9A19103F-16F7-4668-BE54-9A1E7A4F7556}") = "Multishop.Discount", "Services\Discount\Multishop.Discount\Multishop.Discount.csproj", "{A404CFE1-6380-42C3-AC91-3420763EA61B}"
EndProject
Project("{2150E333-8FDC-42A3-9474-1A3956D46DE8}") = "Order", "Order", "{FC6CAE8E-04D2-491D-B8EB-71B54968BA72}"
EndProject
Project("{2150E333-8FDC-42A3-9474-1A3956D46DE8}") = "Core", "Core", "{B6236D87-F79C-4BFB-B0C6-75BA2144CC8F}"
EndProject
Project("{2150E333-8FDC-42A3-9474-1A3956D46DE8}") = "Infrastructure", "Infrastructure", "{62F05BFD-E481-444C-8156-3F62787BD3FF}"
EndProject
Project("{2150E333-8FDC-42A3-9474-1A3956D46DE8}") = "Presentation", "Presentation", "{7A315C91-03A5-401D-9C7A-7B1BF1C7C9A6}"
EndProject
Project("{FAE04EC0-301F-11D3-BF4B-00C04F79EFBC}") = "Multishop.Order.Domain", "Services\Order\Core\Multishop.Order.Domain\Multishop.Order.Domain.csproj", "{2331A9C9-4838-4E1D-BED1-4CC2D8E555FC}"
EndProject
Project("{FAE04EC0-301F-11D3-BF4B-00C04F79EFBC}") = "Multishop.Order.Application", "Services\Order\Core\Multishop.Order.Application\Multishop.Order.Application.csproj", "{E492EC88-CFE2-4D86-9899-6C716008ED57}"
EndProject
Project("{FAE04EC0-301F-11D3-BF4B-00C04F79EFBC}") = "Multishop.Order.Persistence", "Services\Order\Infrastructure\Persistence\Multishop.Order.Persistence\Multishop.Order.Persistence.csproj", "{BC82A60F-1D69-49D9-BE36-AFED70B09E0C}"
EndProject
Project("{FAE04EC0-301F-11D3-BF4B-00C04F79EFBC}") = "Multishop.Order.WebApi", "Services\Order\Presentation\Multishop.Order.WebApi\Multishop.Order.WebApi.csproj", "{07C634A1-FDF9-4208-832A-2871A1481E2A}"
EndProject
Global
	GlobalSection(SolutionConfigurationPlatforms) = preSolution
		Debug|Any CPU = Debug|Any CPU
		Release|Any CPU = Release|Any CPU
	EndGlobalSection
	GlobalSection(ProjectConfigurationPlatforms) = postSolution
		{BCECBB35-F298-4138-A669-68349069FACD}.Debug|Any CPU.ActiveCfg = Debug|Any CPU
		{BCECBB35-F298-4138-A669-68349069FACD}.Debug|Any CPU.Build.0 = Debug|Any CPU
		{BCECBB35-F298-4138-A669-68349069FACD}.Release|Any CPU.ActiveCfg = Release|Any CPU
		{BCECBB35-F298-4138-A669-68349069FACD}.Release|Any CPU.Build.0 = Release|Any CPU
		{A404CFE1-6380-42C3-AC91-3420763EA61B}.Debug|Any CPU.ActiveCfg = Debug|Any CPU
		{A404CFE1-6380-42C3-AC91-3420763EA61B}.Debug|Any CPU.Build.0 = Debug|Any CPU
		{A404CFE1-6380-42C3-AC91-3420763EA61B}.Release|Any CPU.ActiveCfg = Release|Any CPU
		{A404CFE1-6380-42C3-AC91-3420763EA61B}.Release|Any CPU.Build.0 = Release|Any CPU
		{2331A9C9-4838-4E1D-BED1-4CC2D8E555FC}.Debug|Any CPU.ActiveCfg = Debug|Any CPU
		{2331A9C9-4838-4E1D-BED1-4CC2D8E555FC}.Debug|Any CPU.Build.0 = Debug|Any CPU
		{2331A9C9-4838-4E1D-BED1-4CC2D8E555FC}.Release|Any CPU.ActiveCfg = Release|Any CPU
		{2331A9C9-4838-4E1D-BED1-4CC2D8E555FC}.Release|Any CPU.Build.0 = Release|Any CPU
		{E492EC88-CFE2-4D86-9899-6C716008ED57}.Debug|Any CPU.ActiveCfg = Debug|Any CPU
		{E492EC88-CFE2-4D86-9899-6C716008ED57}.Debug|Any CPU.Build.0 = Debug|Any CPU
		{E492EC88-CFE2-4D86-9899-6C716008ED57}.Release|Any CPU.ActiveCfg = Release|Any CPU
		{E492EC88-CFE2-4D86-9899-6C716008ED57}.Release|Any CPU.Build.0 = Release|Any CPU
		{BC82A60F-1D69-49D9-BE36-AFED70B09E0C}.Debug|Any CPU.ActiveCfg = Debug|Any CPU
		{BC82A60F-1D69-49D9-BE36-AFED70B09E0C}.Debug|Any CPU.Build.0 = Debug|Any CPU
		{BC82A60F-1D69-49D9-BE36-AFED70B09E0C}.Release|Any CPU.ActiveCfg = Release|Any CPU
		{BC82A60F-1D69-49D9-BE36-AFED70B09E0C}.Release|Any CPU.Build.0 = Release|Any CPU
		{07C634A1-FDF9-4208-832A-2871A1481E2A}.Debug|Any CPU.ActiveCfg = Debug|Any CPU
		{07C634A1-FDF9-4208-832A-2871A1481E2A}.Debug|Any CPU.Build.0 = Debug|Any CPU
		{07C634A1-FDF9-4208-832A-2871A1481E2A}.Release|Any CPU.ActiveCfg = Release|Any CPU
		{07C634A1-FDF9-4208-832A-2871A1481E2A}.Release|Any CPU.Build.0 = Release|Any CPU
	EndGlobalSection
	GlobalSection(SolutionProperties) = preSolution
		HideSolutionNode = FALSE
	EndGlobalSection
	GlobalSection(NestedProjects) = preSolution
		{D8DD20D1-EEA0-4182-AA96-6B99695D5FDF} = {C2284923-FF8D-42E6-A128-163DEEA50FF8}
		{BCECBB35-F298-4138-A669-68349069FACD} = {D8DD20D1-EEA0-4182-AA96-6B99695D5FDF}
		{349C3B59-577A-412B-9216-96360278B807} = {C2284923-FF8D-42E6-A128-163DEEA50FF8}
		{A404CFE1-6380-42C3-AC91-3420763EA61B} = {349C3B59-577A-412B-9216-96360278B807}
		{FC6CAE8E-04D2-491D-B8EB-71B54968BA72} = {C2284923-FF8D-42E6-A128-163DEEA50FF8}
		{B6236D87-F79C-4BFB-B0C6-75BA2144CC8F} = {FC6CAE8E-04D2-491D-B8EB-71B54968BA72}
		{62F05BFD-E481-444C-8156-3F62787BD3FF} = {FC6CAE8E-04D2-491D-B8EB-71B54968BA72}
		{7A315C91-03A5-401D-9C7A-7B1BF1C7C9A6} = {FC6CAE8E-04D2-491D-B8EB-71B54968BA72}
		{2331A9C9-4838-4E1D-BED1-4CC2D8E555FC} = {B6236D87-F79C-4BFB-B0C6-75BA2144CC8F}
		{E492EC88-CFE2-4D86-9899-6C716008ED57} = {B6236D87-F79C-4BFB-B0C6-75BA2144CC8F}
		{BC82A60F-1D69-49D9-BE36-AFED70B09E0C} = {62F05BFD-E481-444C-8156-3F62787BD3FF}
		{07C634A1-FDF9-4208-832A-2871A1481E2A} = {7A315C91-03A5-401D-9C7A-7B1BF1C7C9A6}
	EndGlobalSection
	GlobalSection(ExtensibilityGlobals) = postSolution
		SolutionGuid = {36D04F99-CE4B-41A5-979B-F4BF6CAF156D}
	EndGlobalSection
EndGlobal
